// !$*UTF8*$!
{
	archiveVersion = 1;
	classes = {
	};
	objectVersion = 56;
	objects = {

/* Begin PBXBuildFile section */
		D2AD27CA2B053969004963B9 /* qrscannerApp.swift in Sources */ = {isa = PBXBuildFile; fileRef = D2AD27C92B053969004963B9 /* qrscannerApp.swift */; };
		D2AD27CC2B053969004963B9 /* ContentView.swift in Sources */ = {isa = PBXBuildFile; fileRef = D2AD27CB2B053969004963B9 /* ContentView.swift */; };
		D2AD27CE2B05396A004963B9 /* Assets.xcassets in Resources */ = {isa = PBXBuildFile; fileRef = D2AD27CD2B05396A004963B9 /* Assets.xcassets */; };
		D2AD27D12B05396A004963B9 /* Preview Assets.xcassets in Resources */ = {isa = PBXBuildFile; fileRef = D2AD27D02B05396A004963B9 /* Preview Assets.xcassets */; };
		D2E0B2302B0C7DCA00F8E784 /* QRWriter.swift in Sources */ = {isa = PBXBuildFile; fileRef = D2E0B22F2B0C7DCA00F8E784 /* QRWriter.swift */; };
		D2E0B2382B0CA15900F8E784 /* SettingsView.swift in Sources */ = {isa = PBXBuildFile; fileRef = D2E0B2372B0CA15900F8E784 /* SettingsView.swift */; };
		D2E0B23A2B0CA23900F8E784 /* MyCodesView.swift in Sources */ = {isa = PBXBuildFile; fileRef = D2E0B2392B0CA23900F8E784 /* MyCodesView.swift */; };
		D2E0B23C2B0CA2A000F8E784 /* HistoryView.swift in Sources */ = {isa = PBXBuildFile; fileRef = D2E0B23B2B0CA2A000F8E784 /* HistoryView.swift */; };
		D2E0B23E2B0CA30900F8E784 /* ScanView.swift in Sources */ = {isa = PBXBuildFile; fileRef = D2E0B23D2B0CA30900F8E784 /* ScanView.swift */; };
		D2EB1FC02B0E306E00202D87 /* ZXingCpp in Frameworks */ = {isa = PBXBuildFile; productRef = D2EB1FBF2B0E306E00202D87 /* ZXingCpp */; };
/* End PBXBuildFile section */

/* Begin PBXCopyFilesBuildPhase section */
		D2E0B2232B0C5BE000F8E784 /* Embed Frameworks */ = {
			isa = PBXCopyFilesBuildPhase;
			buildActionMask = 2147483647;
			dstPath = "";
			dstSubfolderSpec = 10;
			files = (
			);
			name = "Embed Frameworks";
			runOnlyForDeploymentPostprocessing = 0;
		};
/* End PBXCopyFilesBuildPhase section */

/* Begin PBXFileReference section */
		D2AD27C62B053969004963B9 /* qrscanner.app */ = {isa = PBXFileReference; explicitFileType = wrapper.application; includeInIndex = 0; path = qrscanner.app; sourceTree = BUILT_PRODUCTS_DIR; };
		D2AD27C92B053969004963B9 /* qrscannerApp.swift */ = {isa = PBXFileReference; lastKnownFileType = sourcecode.swift; path = qrscannerApp.swift; sourceTree = "<group>"; };
		D2AD27CB2B053969004963B9 /* ContentView.swift */ = {isa = PBXFileReference; lastKnownFileType = sourcecode.swift; path = ContentView.swift; sourceTree = "<group>"; };
		D2AD27CD2B05396A004963B9 /* Assets.xcassets */ = {isa = PBXFileReference; lastKnownFileType = folder.assetcatalog; path = Assets.xcassets; sourceTree = "<group>"; };
		D2AD27D02B05396A004963B9 /* Preview Assets.xcassets */ = {isa = PBXFileReference; lastKnownFileType = folder.assetcatalog; path = "Preview Assets.xcassets"; sourceTree = "<group>"; };
		D2E0B22F2B0C7DCA00F8E784 /* QRWriter.swift */ = {isa = PBXFileReference; lastKnownFileType = sourcecode.swift; path = QRWriter.swift; sourceTree = "<group>"; };
		D2E0B2372B0CA15900F8E784 /* SettingsView.swift */ = {isa = PBXFileReference; lastKnownFileType = sourcecode.swift; path = SettingsView.swift; sourceTree = "<group>"; };
		D2E0B2392B0CA23900F8E784 /* MyCodesView.swift */ = {isa = PBXFileReference; lastKnownFileType = sourcecode.swift; path = MyCodesView.swift; sourceTree = "<group>"; };
		D2E0B23B2B0CA2A000F8E784 /* HistoryView.swift */ = {isa = PBXFileReference; lastKnownFileType = sourcecode.swift; path = HistoryView.swift; sourceTree = "<group>"; };
		D2E0B23D2B0CA30900F8E784 /* ScanView.swift */ = {isa = PBXFileReference; lastKnownFileType = sourcecode.swift; path = ScanView.swift; sourceTree = "<group>"; };
/* End PBXFileReference section */

/* Begin PBXFrameworksBuildPhase section */
		D2AD27C32B053969004963B9 /* Frameworks */ = {
			isa = PBXFrameworksBuildPhase;
			buildActionMask = 2147483647;
			files = (
				D2EB1FC02B0E306E00202D87 /* ZXingCpp in Frameworks */,
			);
			runOnlyForDeploymentPostprocessing = 0;
		};
/* End PBXFrameworksBuildPhase section */

/* Begin PBXGroup section */
		D2AD27BD2B053969004963B9 = {
			isa = PBXGroup;
			children = (
				D2AD27C82B053969004963B9 /* qrscanner */,
				D2AD27C72B053969004963B9 /* Products */,
			);
			sourceTree = "<group>";
		};
		D2AD27C72B053969004963B9 /* Products */ = {
			isa = PBXGroup;
			children = (
				D2AD27C62B053969004963B9 /* qrscanner.app */,
			);
			name = Products;
			sourceTree = "<group>";
		};
		D2AD27C82B053969004963B9 /* qrscanner */ = {
			isa = PBXGroup;
			children = (
				D2E0B2322B0C86B900F8E784 /* common */,
				D2E0B2312B0C86AA00F8E784 /* ui */,
				D2AD27C92B053969004963B9 /* qrscannerApp.swift */,
				D2AD27CB2B053969004963B9 /* ContentView.swift */,
				D2AD27CD2B05396A004963B9 /* Assets.xcassets */,
				D2AD27CF2B05396A004963B9 /* Preview Content */,
			);
			path = qrscanner;
			sourceTree = "<group>";
		};
		D2AD27CF2B05396A004963B9 /* Preview Content */ = {
			isa = PBXGroup;
			children = (
				D2AD27D02B05396A004963B9 /* Preview Assets.xcassets */,
			);
			path = "Preview Content";
			sourceTree = "<group>";
		};
		D2E0B2312B0C86AA00F8E784 /* ui */ = {
			isa = PBXGroup;
			children = (
				D2E0B2362B0CA14B00F8E784 /* settings */,
				D2E0B2352B0CA14200F8E784 /* mycodes */,
				D2E0B2342B0CA13500F8E784 /* history */,
				D2E0B2332B0CA11200F8E784 /* scan */,
			);
			path = ui;
			sourceTree = "<group>";
		};
		D2E0B2322B0C86B900F8E784 /* common */ = {
			isa = PBXGroup;
			children = (
				D2E0B22F2B0C7DCA00F8E784 /* QRWriter.swift */,
			);
			path = common;
			sourceTree = "<group>";
		};
		D2E0B2332B0CA11200F8E784 /* scan */ = {
			isa = PBXGroup;
			children = (
				D2E0B23D2B0CA30900F8E784 /* ScanView.swift */,
			);
			path = scan;
			sourceTree = "<group>";
		};
		D2E0B2342B0CA13500F8E784 /* history */ = {
			isa = PBXGroup;
			children = (
				D2E0B23B2B0CA2A000F8E784 /* HistoryView.swift */,
			);
			path = history;
			sourceTree = "<group>";
		};
		D2E0B2352B0CA14200F8E784 /* mycodes */ = {
			isa = PBXGroup;
			children = (
				D2E0B2392B0CA23900F8E784 /* MyCodesView.swift */,
			);
			path = mycodes;
			sourceTree = "<group>";
		};
		D2E0B2362B0CA14B00F8E784 /* settings */ = {
			isa = PBXGroup;
			children = (
				D2E0B2372B0CA15900F8E784 /* SettingsView.swift */,
			);
			path = settings;
			sourceTree = "<group>";
		};
/* End PBXGroup section */

/* Begin PBXNativeTarget section */
		D2AD27C52B053969004963B9 /* qrscanner */ = {
			isa = PBXNativeTarget;
			buildConfigurationList = D2AD27D42B05396A004963B9 /* Build configuration list for PBXNativeTarget "qrscanner" */;
			buildPhases = (
				D2AD27C22B053969004963B9 /* Sources */,
				D2AD27C32B053969004963B9 /* Frameworks */,
				D2AD27C42B053969004963B9 /* Resources */,
				D2E0B2232B0C5BE000F8E784 /* Embed Frameworks */,
			);
			buildRules = (
			);
			dependencies = (
			);
			name = qrscanner;
			packageProductDependencies = (
				D2EB1FBF2B0E306E00202D87 /* ZXingCpp */,
			);
			productName = qrscanner;
			productReference = D2AD27C62B053969004963B9 /* qrscanner.app */;
			productType = "com.apple.product-type.application";
		};
/* End PBXNativeTarget section */

/* Begin PBXProject section */
		D2AD27BE2B053969004963B9 /* Project object */ = {
			isa = PBXProject;
			attributes = {
				BuildIndependentTargetsInParallel = 1;
				LastSwiftUpdateCheck = 1500;
				LastUpgradeCheck = 1500;
				TargetAttributes = {
					D2AD27C52B053969004963B9 = {
						CreatedOnToolsVersion = 15.0.1;
						LastSwiftMigration = 1500;
					};
				};
			};
			buildConfigurationList = D2AD27C12B053969004963B9 /* Build configuration list for PBXProject "qrscanner" */;
			compatibilityVersion = "Xcode 14.0";
			developmentRegion = en;
			hasScannedForEncodings = 0;
			knownRegions = (
				en,
				Base,
			);
			mainGroup = D2AD27BD2B053969004963B9;
			packageReferences = (
				D2EB1FBE2B0E306E00202D87 /* XCRemoteSwiftPackageReference "zxing-cpp" */,
			);
			productRefGroup = D2AD27C72B053969004963B9 /* Products */;
			projectDirPath = "";
			projectRoot = "";
			targets = (
				D2AD27C52B053969004963B9 /* qrscanner */,
			);
		};
/* End PBXProject section */

/* Begin PBXResourcesBuildPhase section */
		D2AD27C42B053969004963B9 /* Resources */ = {
			isa = PBXResourcesBuildPhase;
			buildActionMask = 2147483647;
			files = (
				D2AD27D12B05396A004963B9 /* Preview Assets.xcassets in Resources */,
				D2AD27CE2B05396A004963B9 /* Assets.xcassets in Resources */,
			);
			runOnlyForDeploymentPostprocessing = 0;
		};
/* End PBXResourcesBuildPhase section */

/* Begin PBXSourcesBuildPhase section */
		D2AD27C22B053969004963B9 /* Sources */ = {
			isa = PBXSourcesBuildPhase;
			buildActionMask = 2147483647;
			files = (
				D2E0B23E2B0CA30900F8E784 /* ScanView.swift in Sources */,
				D2E0B23A2B0CA23900F8E784 /* MyCodesView.swift in Sources */,
				D2E0B23C2B0CA2A000F8E784 /* HistoryView.swift in Sources */,
				D2E0B2302B0C7DCA00F8E784 /* QRWriter.swift in Sources */,
				D2E0B2382B0CA15900F8E784 /* SettingsView.swift in Sources */,
				D2AD27CC2B053969004963B9 /* ContentView.swift in Sources */,
				D2AD27CA2B053969004963B9 /* qrscannerApp.swift in Sources */,
			);
			runOnlyForDeploymentPostprocessing = 0;
		};
/* End PBXSourcesBuildPhase section */

/* Begin XCBuildConfiguration section */
		D2AD27D22B05396A004963B9 /* Debug */ = {
			isa = XCBuildConfiguration;
			buildSettings = {
				ALWAYS_SEARCH_USER_PATHS = NO;
				ASSETCATALOG_COMPILER_GENERATE_SWIFT_ASSET_SYMBOL_EXTENSIONS = YES;
				CLANG_ANALYZER_NONNULL = YES;
				CLANG_ANALYZER_NUMBER_OBJECT_CONVERSION = YES_AGGRESSIVE;
				CLANG_CXX_LANGUAGE_STANDARD = "gnu++20";
				CLANG_ENABLE_MODULES = YES;
				CLANG_ENABLE_OBJC_ARC = YES;
				CLANG_ENABLE_OBJC_WEAK = YES;
				CLANG_WARN_BLOCK_CAPTURE_AUTORELEASING = YES;
				CLANG_WARN_BOOL_CONVERSION = YES;
				CLANG_WARN_COMMA = YES;
				CLANG_WARN_CONSTANT_CONVERSION = YES;
				CLANG_WARN_DEPRECATED_OBJC_IMPLEMENTATIONS = YES;
				CLANG_WARN_DIRECT_OBJC_ISA_USAGE = YES_ERROR;
				CLANG_WARN_DOCUMENTATION_COMMENTS = YES;
				CLANG_WARN_EMPTY_BODY = YES;
				CLANG_WARN_ENUM_CONVERSION = YES;
				CLANG_WARN_INFINITE_RECURSION = YES;
				CLANG_WARN_INT_CONVERSION = YES;
				CLANG_WARN_NON_LITERAL_NULL_CONVERSION = YES;
				CLANG_WARN_OBJC_IMPLICIT_RETAIN_SELF = YES;
				CLANG_WARN_OBJC_LITERAL_CONVERSION = YES;
				CLANG_WARN_OBJC_ROOT_CLASS = YES_ERROR;
				CLANG_WARN_QUOTED_INCLUDE_IN_FRAMEWORK_HEADER = YES;
				CLANG_WARN_RANGE_LOOP_ANALYSIS = YES;
				CLANG_WARN_STRICT_PROTOTYPES = YES;
				CLANG_WARN_SUSPICIOUS_MOVE = YES;
				CLANG_WARN_UNGUARDED_AVAILABILITY = YES_AGGRESSIVE;
				CLANG_WARN_UNREACHABLE_CODE = YES;
				CLANG_WARN__DUPLICATE_METHOD_MATCH = YES;
				COPY_PHASE_STRIP = NO;
				DEBUG_INFORMATION_FORMAT = dwarf;
				ENABLE_STRICT_OBJC_MSGSEND = YES;
				ENABLE_TESTABILITY = YES;
				ENABLE_USER_SCRIPT_SANDBOXING = YES;
				GCC_C_LANGUAGE_STANDARD = gnu17;
				GCC_DYNAMIC_NO_PIC = NO;
				GCC_NO_COMMON_BLOCKS = YES;
				GCC_OPTIMIZATION_LEVEL = 0;
				GCC_PREPROCESSOR_DEFINITIONS = (
					"DEBUG=1",
					"$(inherited)",
				);
				GCC_WARN_64_TO_32_BIT_CONVERSION = YES;
				GCC_WARN_ABOUT_RETURN_TYPE = YES_ERROR;
				GCC_WARN_UNDECLARED_SELECTOR = YES;
				GCC_WARN_UNINITIALIZED_AUTOS = YES_AGGRESSIVE;
				GCC_WARN_UNUSED_FUNCTION = YES;
				GCC_WARN_UNUSED_VARIABLE = YES;
				IPHONEOS_DEPLOYMENT_TARGET = 15.0;
				LOCALIZATION_PREFERS_STRING_CATALOGS = YES;
				MTL_ENABLE_DEBUG_INFO = INCLUDE_SOURCE;
				MTL_FAST_MATH = YES;
				ONLY_ACTIVE_ARCH = YES;
				SDKROOT = iphoneos;
				SWIFT_ACTIVE_COMPILATION_CONDITIONS = "DEBUG $(inherited)";
				SWIFT_OPTIMIZATION_LEVEL = "-Onone";
			};
			name = Debug;
		};
		D2AD27D32B05396A004963B9 /* Release */ = {
			isa = XCBuildConfiguration;
			buildSettings = {
				ALWAYS_SEARCH_USER_PATHS = NO;
				ASSETCATALOG_COMPILER_GENERATE_SWIFT_ASSET_SYMBOL_EXTENSIONS = YES;
				CLANG_ANALYZER_NONNULL = YES;
				CLANG_ANALYZER_NUMBER_OBJECT_CONVERSION = YES_AGGRESSIVE;
				CLANG_CXX_LANGUAGE_STANDARD = "gnu++20";
				CLANG_ENABLE_MODULES = YES;
				CLANG_ENABLE_OBJC_ARC = YES;
				CLANG_ENABLE_OBJC_WEAK = YES;
				CLANG_WARN_BLOCK_CAPTURE_AUTORELEASING = YES;
				CLANG_WARN_BOOL_CONVERSION = YES;
				CLANG_WARN_COMMA = YES;
				CLANG_WARN_CONSTANT_CONVERSION = YES;
				CLANG_WARN_DEPRECATED_OBJC_IMPLEMENTATIONS = YES;
				CLANG_WARN_DIRECT_OBJC_ISA_USAGE = YES_ERROR;
				CLANG_WARN_DOCUMENTATION_COMMENTS = YES;
				CLANG_WARN_EMPTY_BODY = YES;
				CLANG_WARN_ENUM_CONVERSION = YES;
				CLANG_WARN_INFINITE_RECURSION = YES;
				CLANG_WARN_INT_CONVERSION = YES;
				CLANG_WARN_NON_LITERAL_NULL_CONVERSION = YES;
				CLANG_WARN_OBJC_IMPLICIT_RETAIN_SELF = YES;
				CLANG_WARN_OBJC_LITERAL_CONVERSION = YES;
				CLANG_WARN_OBJC_ROOT_CLASS = YES_ERROR;
				CLANG_WARN_QUOTED_INCLUDE_IN_FRAMEWORK_HEADER = YES;
				CLANG_WARN_RANGE_LOOP_ANALYSIS = YES;
				CLANG_WARN_STRICT_PROTOTYPES = YES;
				CLANG_WARN_SUSPICIOUS_MOVE = YES;
				CLANG_WARN_UNGUARDED_AVAILABILITY = YES_AGGRESSIVE;
				CLANG_WARN_UNREACHABLE_CODE = YES;
				CLANG_WARN__DUPLICATE_METHOD_MATCH = YES;
				COPY_PHASE_STRIP = NO;
				DEBUG_INFORMATION_FORMAT = "dwarf-with-dsym";
				ENABLE_NS_ASSERTIONS = NO;
				ENABLE_STRICT_OBJC_MSGSEND = YES;
				ENABLE_USER_SCRIPT_SANDBOXING = YES;
				GCC_C_LANGUAGE_STANDARD = gnu17;
				GCC_NO_COMMON_BLOCKS = YES;
				GCC_WARN_64_TO_32_BIT_CONVERSION = YES;
				GCC_WARN_ABOUT_RETURN_TYPE = YES_ERROR;
				GCC_WARN_UNDECLARED_SELECTOR = YES;
				GCC_WARN_UNINITIALIZED_AUTOS = YES_AGGRESSIVE;
				GCC_WARN_UNUSED_FUNCTION = YES;
				GCC_WARN_UNUSED_VARIABLE = YES;
				IPHONEOS_DEPLOYMENT_TARGET = 15.0;
				LOCALIZATION_PREFERS_STRING_CATALOGS = YES;
				MTL_ENABLE_DEBUG_INFO = NO;
				MTL_FAST_MATH = YES;
				SDKROOT = iphoneos;
				SWIFT_COMPILATION_MODE = wholemodule;
				VALIDATE_PRODUCT = YES;
			};
			name = Release;
		};
		D2AD27D52B05396A004963B9 /* Debug */ = {
			isa = XCBuildConfiguration;
			buildSettings = {
				ASSETCATALOG_COMPILER_APPICON_NAME = AppIcon;
				ASSETCATALOG_COMPILER_GLOBAL_ACCENT_COLOR_NAME = AccentColor;
				CLANG_ENABLE_MODULES = YES;
				CODE_SIGN_STYLE = Automatic;
				CURRENT_PROJECT_VERSION = 1;
				DEVELOPMENT_ASSET_PATHS = "\"qrscanner/Preview Content\"";
				DEVELOPMENT_TEAM = AQHNXZHZ8T;
				ENABLE_PREVIEWS = YES;
				ENABLE_USER_SCRIPT_SANDBOXING = NO;
				GENERATE_INFOPLIST_FILE = YES;
				INFOPLIST_KEY_UIApplicationSceneManifest_Generation = YES;
				INFOPLIST_KEY_UIApplicationSupportsIndirectInputEvents = YES;
				INFOPLIST_KEY_UILaunchScreen_Generation = YES;
				INFOPLIST_KEY_UISupportedInterfaceOrientations_iPad = "UIInterfaceOrientationPortrait UIInterfaceOrientationPortraitUpsideDown UIInterfaceOrientationLandscapeLeft UIInterfaceOrientationLandscapeRight";
				INFOPLIST_KEY_UISupportedInterfaceOrientations_iPhone = "UIInterfaceOrientationPortrait UIInterfaceOrientationLandscapeLeft UIInterfaceOrientationLandscapeRight";
				IPHONEOS_DEPLOYMENT_TARGET = 15.0;
				LD_RUNPATH_SEARCH_PATHS = (
					"$(inherited)",
					"@executable_path/Frameworks",
				);
				MARKETING_VERSION = 1.0;
				PRODUCT_BUNDLE_IDENTIFIER = me.tpcreative.qrscanner;
				PRODUCT_NAME = "$(TARGET_NAME)";
				SWIFT_EMIT_LOC_STRINGS = YES;
				SWIFT_OBJC_BRIDGING_HEADER = "";
				SWIFT_OPTIMIZATION_LEVEL = "-Onone";
				SWIFT_VERSION = 5.0;
				TARGETED_DEVICE_FAMILY = "1,2";
			};
			name = Debug;
		};
		D2AD27D62B05396A004963B9 /* Release */ = {
			isa = XCBuildConfiguration;
			buildSettings = {
				ASSETCATALOG_COMPILER_APPICON_NAME = AppIcon;
				ASSETCATALOG_COMPILER_GLOBAL_ACCENT_COLOR_NAME = AccentColor;
				CLANG_ENABLE_MODULES = YES;
				CODE_SIGN_STYLE = Automatic;
				CURRENT_PROJECT_VERSION = 1;
				DEVELOPMENT_ASSET_PATHS = "\"qrscanner/Preview Content\"";
				DEVELOPMENT_TEAM = AQHNXZHZ8T;
				ENABLE_PREVIEWS = YES;
				ENABLE_USER_SCRIPT_SANDBOXING = NO;
				GENERATE_INFOPLIST_FILE = YES;
				INFOPLIST_KEY_UIApplicationSceneManifest_Generation = YES;
				INFOPLIST_KEY_UIApplicationSupportsIndirectInputEvents = YES;
				INFOPLIST_KEY_UILaunchScreen_Generation = YES;
				INFOPLIST_KEY_UISupportedInterfaceOrientations_iPad = "UIInterfaceOrientationPortrait UIInterfaceOrientationPortraitUpsideDown UIInterfaceOrientationLandscapeLeft UIInterfaceOrientationLandscapeRight";
				INFOPLIST_KEY_UISupportedInterfaceOrientations_iPhone = "UIInterfaceOrientationPortrait UIInterfaceOrientationLandscapeLeft UIInterfaceOrientationLandscapeRight";
				IPHONEOS_DEPLOYMENT_TARGET = 15.0;
				LD_RUNPATH_SEARCH_PATHS = (
					"$(inherited)",
					"@executable_path/Frameworks",
				);
				MARKETING_VERSION = 1.0;
				PRODUCT_BUNDLE_IDENTIFIER = me.tpcreative.qrscanner;
				PRODUCT_NAME = "$(TARGET_NAME)";
				SWIFT_EMIT_LOC_STRINGS = YES;
				SWIFT_OBJC_BRIDGING_HEADER = "";
				SWIFT_VERSION = 5.0;
				TARGETED_DEVICE_FAMILY = "1,2";
			};
			name = Release;
		};
/* End XCBuildConfiguration section */

/* Begin XCConfigurationList section */
		D2AD27C12B053969004963B9 /* Build configuration list for PBXProject "qrscanner" */ = {
			isa = XCConfigurationList;
			buildConfigurations = (
				D2AD27D22B05396A004963B9 /* Debug */,
				D2AD27D32B05396A004963B9 /* Release */,
			);
			defaultConfigurationIsVisible = 0;
			defaultConfigurationName = Release;
		};
		D2AD27D42B05396A004963B9 /* Build configuration list for PBXNativeTarget "qrscanner" */ = {
			isa = XCConfigurationList;
			buildConfigurations = (
				D2AD27D52B05396A004963B9 /* Debug */,
				D2AD27D62B05396A004963B9 /* Release */,
			);
			defaultConfigurationIsVisible = 0;
			defaultConfigurationName = Release;
		};
/* End XCConfigurationList section */

/* Begin XCRemoteSwiftPackageReference section */
		D2EB1FBE2B0E306E00202D87 /* XCRemoteSwiftPackageReference "zxing-cpp" */ = {
			isa = XCRemoteSwiftPackageReference;
			repositoryURL = "https://github.com/zxing-cpp/zxing-cpp.git";
			requirement = {
				branch = master;
				kind = branch;
			};
		};
/* End XCRemoteSwiftPackageReference section */

/* Begin XCSwiftPackageProductDependency section */
		D2EB1FBF2B0E306E00202D87 /* ZXingCpp */ = {
			isa = XCSwiftPackageProductDependency;
			package = D2EB1FBE2B0E306E00202D87 /* XCRemoteSwiftPackageReference "zxing-cpp" */;
			productName = ZXingCpp;
		};
/* End XCSwiftPackageProductDependency section */
	};
	rootObject = D2AD27BE2B053969004963B9 /* Project object */;
}
