// !$*UTF8*$!
{
	archiveVersion = 1;
	classes = {
	};
	objectVersion = 56;
	objects = {

/* Begin PBXBuildFile section */
		D20796212B1180B000BBEE6E /* DetailsView.swift in Sources */ = {isa = PBXBuildFile; fileRef = D20796202B1180B000BBEE6E /* DetailsView.swift */; };
		D20908432B1D9DFA00DA5E61 /* TimeHelper.swift in Sources */ = {isa = PBXBuildFile; fileRef = D20908422B1D9DFA00DA5E61 /* TimeHelper.swift */; };
		D20908452B1D9E7200DA5E61 /* DateExtension.swift in Sources */ = {isa = PBXBuildFile; fileRef = D20908442B1D9E7200DA5E61 /* DateExtension.swift */; };
		D20908472B1DB03D00DA5E61 /* EnumBarcodeFormat.swift in Sources */ = {isa = PBXBuildFile; fileRef = D20908462B1DB03D00DA5E61 /* EnumBarcodeFormat.swift */; };
		D20C976B2B0F297100EA3677 /* Realm in Frameworks */ = {isa = PBXBuildFile; productRef = D20C976A2B0F297100EA3677 /* Realm */; };
		D20C976D2B0F297100EA3677 /* RealmSwift in Frameworks */ = {isa = PBXBuildFile; productRef = D20C976C2B0F297100EA3677 /* RealmSwift */; };
		D20C97702B0F29B400EA3677 /* ZXingCpp in Frameworks */ = {isa = PBXBuildFile; productRef = D20C976F2B0F29B400EA3677 /* ZXingCpp */; };
		D24D43C82B1C5C4D00CF7F67 /* GenerateModel.swift in Sources */ = {isa = PBXBuildFile; fileRef = D24D43C72B1C5C4D00CF7F67 /* GenerateModel.swift */; };
		D26E53A72B0E372C005DE71A /* HistoryModel.swift in Sources */ = {isa = PBXBuildFile; fileRef = D26E53A62B0E372C005DE71A /* HistoryModel.swift */; };
		D29CCABD2B144B8E006674D4 /* WriteHelper.swift in Sources */ = {isa = PBXBuildFile; fileRef = D29CCABC2B144B8E006674D4 /* WriteHelper.swift */; };
		D29CCABF2B147FDF006674D4 /* GenerateCategoryView.swift in Sources */ = {isa = PBXBuildFile; fileRef = D29CCABE2B147FDF006674D4 /* GenerateCategoryView.swift */; };
		D2AD27CA2B053969004963B9 /* qrscannerApp.swift in Sources */ = {isa = PBXBuildFile; fileRef = D2AD27C92B053969004963B9 /* qrscannerApp.swift */; };
		D2AD27CC2B053969004963B9 /* ContentView.swift in Sources */ = {isa = PBXBuildFile; fileRef = D2AD27CB2B053969004963B9 /* ContentView.swift */; };
		D2AD27CE2B05396A004963B9 /* Assets.xcassets in Resources */ = {isa = PBXBuildFile; fileRef = D2AD27CD2B05396A004963B9 /* Assets.xcassets */; };
		D2AD27D12B05396A004963B9 /* Preview Assets.xcassets in Resources */ = {isa = PBXBuildFile; fileRef = D2AD27D02B05396A004963B9 /* Preview Assets.xcassets */; };
		D2AD28572B16D2B3003080DA /* QRCodeCategoryModel.swift in Sources */ = {isa = PBXBuildFile; fileRef = D2AD28562B16D2B3003080DA /* QRCodeCategoryModel.swift */; };
		D2AD28592B16E0A4003080DA /* GenerateView.swift in Sources */ = {isa = PBXBuildFile; fileRef = D2AD28582B16E0A4003080DA /* GenerateView.swift */; };
		D2AD285C2B17263D003080DA /* Kingfisher in Frameworks */ = {isa = PBXBuildFile; productRef = D2AD285B2B17263D003080DA /* Kingfisher */; };
		D2B221F82B12E63600E2EDE8 /* Constant.swift in Sources */ = {isa = PBXBuildFile; fileRef = D2B221F72B12E63600E2EDE8 /* Constant.swift */; };
		D2B221FB2B12E6DF00E2EDE8 /* ColorExtension.swift in Sources */ = {isa = PBXBuildFile; fileRef = D2B221FA2B12E6DF00E2EDE8 /* ColorExtension.swift */; };
		D2B244172B18757800D649A5 /* MyTextField.swift in Sources */ = {isa = PBXBuildFile; fileRef = D2B244162B18757800D649A5 /* MyTextField.swift */; };
		D2B244192B18804900D649A5 /* ApplicationExtension.swift in Sources */ = {isa = PBXBuildFile; fileRef = D2B244182B18804900D649A5 /* ApplicationExtension.swift */; };
		D2B2441B2B1881AD00D649A5 /* MyReviewCode.swift in Sources */ = {isa = PBXBuildFile; fileRef = D2B2441A2B1881AD00D649A5 /* MyReviewCode.swift */; };
		D2E0B2302B0C7DCA00F8E784 /* QRWriter.swift in Sources */ = {isa = PBXBuildFile; fileRef = D2E0B22F2B0C7DCA00F8E784 /* QRWriter.swift */; };
		D2E0B2382B0CA15900F8E784 /* SettingsView.swift in Sources */ = {isa = PBXBuildFile; fileRef = D2E0B2372B0CA15900F8E784 /* SettingsView.swift */; };
		D2E0B23A2B0CA23900F8E784 /* MyCodesView.swift in Sources */ = {isa = PBXBuildFile; fileRef = D2E0B2392B0CA23900F8E784 /* MyCodesView.swift */; };
		D2E0B23C2B0CA2A000F8E784 /* HistoryView.swift in Sources */ = {isa = PBXBuildFile; fileRef = D2E0B23B2B0CA2A000F8E784 /* HistoryView.swift */; };
		D2E0B23E2B0CA30900F8E784 /* ScanView.swift in Sources */ = {isa = PBXBuildFile; fileRef = D2E0B23D2B0CA30900F8E784 /* ScanView.swift */; };
		D2F2A91A2B1078B400FDDB44 /* BarcodeData.swift in Sources */ = {isa = PBXBuildFile; fileRef = D2F2A9152B1078B300FDDB44 /* BarcodeData.swift */; };
		D2F2A91B2B1078B400FDDB44 /* CameraPreview.swift in Sources */ = {isa = PBXBuildFile; fileRef = D2F2A9162B1078B300FDDB44 /* CameraPreview.swift */; };
		D2F2A91C2B1078B400FDDB44 /* CBBarcodeView.swift in Sources */ = {isa = PBXBuildFile; fileRef = D2F2A9172B1078B400FDDB44 /* CBBarcodeView.swift */; };
		D2F2A91D2B1078B400FDDB44 /* BarcodeFrame.swift in Sources */ = {isa = PBXBuildFile; fileRef = D2F2A9182B1078B400FDDB44 /* BarcodeFrame.swift */; };
		D2F2A91E2B1078B400FDDB44 /* CBScanner.swift in Sources */ = {isa = PBXBuildFile; fileRef = D2F2A9192B1078B400FDDB44 /* CBScanner.swift */; };
/* End PBXBuildFile section */

/* Begin PBXCopyFilesBuildPhase section */
		D2E0B2232B0C5BE000F8E784 /* Embed Frameworks */ = {
			isa = PBXCopyFilesBuildPhase;
			buildActionMask = 2147483647;
			dstPath = "";
			dstSubfolderSpec = 10;
			files = (
			);
			name = "Embed Frameworks";
			runOnlyForDeploymentPostprocessing = 0;
		};
/* End PBXCopyFilesBuildPhase section */

/* Begin PBXFileReference section */
		D20796202B1180B000BBEE6E /* DetailsView.swift */ = {isa = PBXFileReference; lastKnownFileType = sourcecode.swift; path = DetailsView.swift; sourceTree = "<group>"; };
		D20908422B1D9DFA00DA5E61 /* TimeHelper.swift */ = {isa = PBXFileReference; lastKnownFileType = sourcecode.swift; path = TimeHelper.swift; sourceTree = "<group>"; };
		D20908442B1D9E7200DA5E61 /* DateExtension.swift */ = {isa = PBXFileReference; lastKnownFileType = sourcecode.swift; path = DateExtension.swift; sourceTree = "<group>"; };
		D20908462B1DB03D00DA5E61 /* EnumBarcodeFormat.swift */ = {isa = PBXFileReference; lastKnownFileType = sourcecode.swift; path = EnumBarcodeFormat.swift; sourceTree = "<group>"; };
		D24D43C72B1C5C4D00CF7F67 /* GenerateModel.swift */ = {isa = PBXFileReference; lastKnownFileType = sourcecode.swift; path = GenerateModel.swift; sourceTree = "<group>"; };
		D26E53A62B0E372C005DE71A /* HistoryModel.swift */ = {isa = PBXFileReference; lastKnownFileType = sourcecode.swift; path = HistoryModel.swift; sourceTree = "<group>"; };
		D29CCABC2B144B8E006674D4 /* WriteHelper.swift */ = {isa = PBXFileReference; lastKnownFileType = sourcecode.swift; path = WriteHelper.swift; sourceTree = "<group>"; };
		D29CCABE2B147FDF006674D4 /* GenerateCategoryView.swift */ = {isa = PBXFileReference; lastKnownFileType = sourcecode.swift; path = GenerateCategoryView.swift; sourceTree = "<group>"; };
		D2AD27C62B053969004963B9 /* qrscanner.app */ = {isa = PBXFileReference; explicitFileType = wrapper.application; includeInIndex = 0; path = qrscanner.app; sourceTree = BUILT_PRODUCTS_DIR; };
		D2AD27C92B053969004963B9 /* qrscannerApp.swift */ = {isa = PBXFileReference; lastKnownFileType = sourcecode.swift; path = qrscannerApp.swift; sourceTree = "<group>"; };
		D2AD27CB2B053969004963B9 /* ContentView.swift */ = {isa = PBXFileReference; lastKnownFileType = sourcecode.swift; path = ContentView.swift; sourceTree = "<group>"; };
		D2AD27CD2B05396A004963B9 /* Assets.xcassets */ = {isa = PBXFileReference; lastKnownFileType = folder.assetcatalog; path = Assets.xcassets; sourceTree = "<group>"; };
		D2AD27D02B05396A004963B9 /* Preview Assets.xcassets */ = {isa = PBXFileReference; lastKnownFileType = folder.assetcatalog; path = "Preview Assets.xcassets"; sourceTree = "<group>"; };
		D2AD28562B16D2B3003080DA /* QRCodeCategoryModel.swift */ = {isa = PBXFileReference; lastKnownFileType = sourcecode.swift; path = QRCodeCategoryModel.swift; sourceTree = "<group>"; };
		D2AD28582B16E0A4003080DA /* GenerateView.swift */ = {isa = PBXFileReference; lastKnownFileType = sourcecode.swift; path = GenerateView.swift; sourceTree = "<group>"; };
		D2B221F72B12E63600E2EDE8 /* Constant.swift */ = {isa = PBXFileReference; lastKnownFileType = sourcecode.swift; path = Constant.swift; sourceTree = "<group>"; };
		D2B221FA2B12E6DF00E2EDE8 /* ColorExtension.swift */ = {isa = PBXFileReference; lastKnownFileType = sourcecode.swift; path = ColorExtension.swift; sourceTree = "<group>"; };
		D2B244162B18757800D649A5 /* MyTextField.swift */ = {isa = PBXFileReference; lastKnownFileType = sourcecode.swift; path = MyTextField.swift; sourceTree = "<group>"; };
		D2B244182B18804900D649A5 /* ApplicationExtension.swift */ = {isa = PBXFileReference; lastKnownFileType = sourcecode.swift; path = ApplicationExtension.swift; sourceTree = "<group>"; };
		D2B2441A2B1881AD00D649A5 /* MyReviewCode.swift */ = {isa = PBXFileReference; lastKnownFileType = sourcecode.swift; path = MyReviewCode.swift; sourceTree = "<group>"; };
		D2E0B22F2B0C7DCA00F8E784 /* QRWriter.swift */ = {isa = PBXFileReference; lastKnownFileType = sourcecode.swift; path = QRWriter.swift; sourceTree = "<group>"; };
		D2E0B2372B0CA15900F8E784 /* SettingsView.swift */ = {isa = PBXFileReference; lastKnownFileType = sourcecode.swift; path = SettingsView.swift; sourceTree = "<group>"; };
		D2E0B2392B0CA23900F8E784 /* MyCodesView.swift */ = {isa = PBXFileReference; lastKnownFileType = sourcecode.swift; path = MyCodesView.swift; sourceTree = "<group>"; };
		D2E0B23B2B0CA2A000F8E784 /* HistoryView.swift */ = {isa = PBXFileReference; lastKnownFileType = sourcecode.swift; path = HistoryView.swift; sourceTree = "<group>"; };
		D2E0B23D2B0CA30900F8E784 /* ScanView.swift */ = {isa = PBXFileReference; lastKnownFileType = sourcecode.swift; path = ScanView.swift; sourceTree = "<group>"; };
		D2F2A9152B1078B300FDDB44 /* BarcodeData.swift */ = {isa = PBXFileReference; fileEncoding = 4; lastKnownFileType = sourcecode.swift; path = BarcodeData.swift; sourceTree = "<group>"; };
		D2F2A9162B1078B300FDDB44 /* CameraPreview.swift */ = {isa = PBXFileReference; fileEncoding = 4; lastKnownFileType = sourcecode.swift; path = CameraPreview.swift; sourceTree = "<group>"; };
		D2F2A9172B1078B400FDDB44 /* CBBarcodeView.swift */ = {isa = PBXFileReference; fileEncoding = 4; lastKnownFileType = sourcecode.swift; path = CBBarcodeView.swift; sourceTree = "<group>"; };
		D2F2A9182B1078B400FDDB44 /* BarcodeFrame.swift */ = {isa = PBXFileReference; fileEncoding = 4; lastKnownFileType = sourcecode.swift; path = BarcodeFrame.swift; sourceTree = "<group>"; };
		D2F2A9192B1078B400FDDB44 /* CBScanner.swift */ = {isa = PBXFileReference; fileEncoding = 4; lastKnownFileType = sourcecode.swift; path = CBScanner.swift; sourceTree = "<group>"; };
/* End PBXFileReference section */

/* Begin PBXFrameworksBuildPhase section */
		D2AD27C32B053969004963B9 /* Frameworks */ = {
			isa = PBXFrameworksBuildPhase;
			buildActionMask = 2147483647;
			files = (
				D2AD285C2B17263D003080DA /* Kingfisher in Frameworks */,
				D20C976D2B0F297100EA3677 /* RealmSwift in Frameworks */,
				D20C976B2B0F297100EA3677 /* Realm in Frameworks */,
				D20C97702B0F29B400EA3677 /* ZXingCpp in Frameworks */,
			);
			runOnlyForDeploymentPostprocessing = 0;
		};
/* End PBXFrameworksBuildPhase section */

/* Begin PBXGroup section */
		D207961F2B11809700BBEE6E /* details */ = {
			isa = PBXGroup;
			children = (
				D20796202B1180B000BBEE6E /* DetailsView.swift */,
			);
			path = details;
			sourceTree = "<group>";
		};
		D20908412B1D9DBC00DA5E61 /* helper */ = {
			isa = PBXGroup;
			children = (
				D2E0B22F2B0C7DCA00F8E784 /* QRWriter.swift */,
				D29CCABC2B144B8E006674D4 /* WriteHelper.swift */,
				D20908422B1D9DFA00DA5E61 /* TimeHelper.swift */,
			);
			path = helper;
			sourceTree = "<group>";
		};
		D26E539B2B0E34F5005DE71A /* view */ = {
			isa = PBXGroup;
			children = (
				D26E539C2B0E34FC005DE71A /* carbode */,
				D2B244162B18757800D649A5 /* MyTextField.swift */,
			);
			path = view;
			sourceTree = "<group>";
		};
		D26E539C2B0E34FC005DE71A /* carbode */ = {
			isa = PBXGroup;
			children = (
				D2F2A9152B1078B300FDDB44 /* BarcodeData.swift */,
				D2F2A9182B1078B400FDDB44 /* BarcodeFrame.swift */,
				D2F2A9162B1078B300FDDB44 /* CameraPreview.swift */,
				D2F2A9172B1078B400FDDB44 /* CBBarcodeView.swift */,
				D2F2A9192B1078B400FDDB44 /* CBScanner.swift */,
			);
			path = carbode;
			sourceTree = "<group>";
		};
		D26E53A52B0E3719005DE71A /* model */ = {
			isa = PBXGroup;
			children = (
				D26E53A62B0E372C005DE71A /* HistoryModel.swift */,
				D2AD28562B16D2B3003080DA /* QRCodeCategoryModel.swift */,
				D24D43C72B1C5C4D00CF7F67 /* GenerateModel.swift */,
				D20908462B1DB03D00DA5E61 /* EnumBarcodeFormat.swift */,
			);
			path = model;
			sourceTree = "<group>";
		};
		D2AD27BD2B053969004963B9 = {
			isa = PBXGroup;
			children = (
				D2AD27C82B053969004963B9 /* qrscanner */,
				D2AD27C72B053969004963B9 /* Products */,
			);
			sourceTree = "<group>";
		};
		D2AD27C72B053969004963B9 /* Products */ = {
			isa = PBXGroup;
			children = (
				D2AD27C62B053969004963B9 /* qrscanner.app */,
			);
			name = Products;
			sourceTree = "<group>";
		};
		D2AD27C82B053969004963B9 /* qrscanner */ = {
			isa = PBXGroup;
			children = (
				D2B221F92B12E6C600E2EDE8 /* extension */,
				D26E53A52B0E3719005DE71A /* model */,
				D26E539B2B0E34F5005DE71A /* view */,
				D2E0B2322B0C86B900F8E784 /* common */,
				D2E0B2312B0C86AA00F8E784 /* ui */,
				D2AD27C92B053969004963B9 /* qrscannerApp.swift */,
				D2AD27CB2B053969004963B9 /* ContentView.swift */,
				D2AD27CD2B05396A004963B9 /* Assets.xcassets */,
				D2AD27CF2B05396A004963B9 /* Preview Content */,
			);
			path = qrscanner;
			sourceTree = "<group>";
		};
		D2AD27CF2B05396A004963B9 /* Preview Content */ = {
			isa = PBXGroup;
			children = (
				D2AD27D02B05396A004963B9 /* Preview Assets.xcassets */,
			);
			path = "Preview Content";
			sourceTree = "<group>";
		};
		D2B221F92B12E6C600E2EDE8 /* extension */ = {
			isa = PBXGroup;
			children = (
				D2B221FA2B12E6DF00E2EDE8 /* ColorExtension.swift */,
				D2B244182B18804900D649A5 /* ApplicationExtension.swift */,
				D20908442B1D9E7200DA5E61 /* DateExtension.swift */,
			);
			path = extension;
			sourceTree = "<group>";
		};
		D2E0B2312B0C86AA00F8E784 /* ui */ = {
			isa = PBXGroup;
			children = (
				D207961F2B11809700BBEE6E /* details */,
				D2E0B2362B0CA14B00F8E784 /* settings */,
				D2E0B2352B0CA14200F8E784 /* mycodes */,
				D2E0B2342B0CA13500F8E784 /* history */,
				D2E0B2332B0CA11200F8E784 /* scan */,
			);
			path = ui;
			sourceTree = "<group>";
		};
		D2E0B2322B0C86B900F8E784 /* common */ = {
			isa = PBXGroup;
			children = (
				D20908412B1D9DBC00DA5E61 /* helper */,
				D2B221F72B12E63600E2EDE8 /* Constant.swift */,
			);
			path = common;
			sourceTree = "<group>";
		};
		D2E0B2332B0CA11200F8E784 /* scan */ = {
			isa = PBXGroup;
			children = (
				D2E0B23D2B0CA30900F8E784 /* ScanView.swift */,
			);
			path = scan;
			sourceTree = "<group>";
		};
		D2E0B2342B0CA13500F8E784 /* history */ = {
			isa = PBXGroup;
			children = (
				D2E0B23B2B0CA2A000F8E784 /* HistoryView.swift */,
			);
			path = history;
			sourceTree = "<group>";
		};
		D2E0B2352B0CA14200F8E784 /* mycodes */ = {
			isa = PBXGroup;
			children = (
				D2E0B2392B0CA23900F8E784 /* MyCodesView.swift */,
				D29CCABE2B147FDF006674D4 /* GenerateCategoryView.swift */,
				D2AD28582B16E0A4003080DA /* GenerateView.swift */,
				D2B2441A2B1881AD00D649A5 /* MyReviewCode.swift */,
			);
			path = mycodes;
			sourceTree = "<group>";
		};
		D2E0B2362B0CA14B00F8E784 /* settings */ = {
			isa = PBXGroup;
			children = (
				D2E0B2372B0CA15900F8E784 /* SettingsView.swift */,
			);
			path = settings;
			sourceTree = "<group>";
		};
/* End PBXGroup section */

/* Begin PBXNativeTarget section */
		D2AD27C52B053969004963B9 /* qrscanner */ = {
			isa = PBXNativeTarget;
			buildConfigurationList = D2AD27D42B05396A004963B9 /* Build configuration list for PBXNativeTarget "qrscanner" */;
			buildPhases = (
				D2AD27C22B053969004963B9 /* Sources */,
				D2AD27C32B053969004963B9 /* Frameworks */,
				D2AD27C42B053969004963B9 /* Resources */,
				D2E0B2232B0C5BE000F8E784 /* Embed Frameworks */,
			);
			buildRules = (
			);
			dependencies = (
			);
			name = qrscanner;
			packageProductDependencies = (
				D20C976A2B0F297100EA3677 /* Realm */,
				D20C976C2B0F297100EA3677 /* RealmSwift */,
				D20C976F2B0F29B400EA3677 /* ZXingCpp */,
				D2AD285B2B17263D003080DA /* Kingfisher */,
			);
			productName = qrscanner;
			productReference = D2AD27C62B053969004963B9 /* qrscanner.app */;
			productType = "com.apple.product-type.application";
		};
/* End PBXNativeTarget section */

/* Begin PBXProject section */
		D2AD27BE2B053969004963B9 /* Project object */ = {
			isa = PBXProject;
			attributes = {
				BuildIndependentTargetsInParallel = 1;
				LastSwiftUpdateCheck = 1500;
				LastUpgradeCheck = 1500;
				TargetAttributes = {
					D2AD27C52B053969004963B9 = {
						CreatedOnToolsVersion = 15.0.1;
						LastSwiftMigration = 1500;
					};
				};
			};
			buildConfigurationList = D2AD27C12B053969004963B9 /* Build configuration list for PBXProject "qrscanner" */;
			compatibilityVersion = "Xcode 14.0";
			developmentRegion = en;
			hasScannedForEncodings = 0;
			knownRegions = (
				en,
				Base,
			);
			mainGroup = D2AD27BD2B053969004963B9;
			packageReferences = (
				D20C97692B0F297100EA3677 /* XCRemoteSwiftPackageReference "realm-swift" */,
				D20C976E2B0F29B400EA3677 /* XCRemoteSwiftPackageReference "zxing-cpp" */,
				D2AD285A2B17263D003080DA /* XCRemoteSwiftPackageReference "Kingfisher" */,
			);
			productRefGroup = D2AD27C72B053969004963B9 /* Products */;
			projectDirPath = "";
			projectRoot = "";
			targets = (
				D2AD27C52B053969004963B9 /* qrscanner */,
			);
		};
/* End PBXProject section */

/* Begin PBXResourcesBuildPhase section */
		D2AD27C42B053969004963B9 /* Resources */ = {
			isa = PBXResourcesBuildPhase;
			buildActionMask = 2147483647;
			files = (
				D2AD27D12B05396A004963B9 /* Preview Assets.xcassets in Resources */,
				D2AD27CE2B05396A004963B9 /* Assets.xcassets in Resources */,
			);
			runOnlyForDeploymentPostprocessing = 0;
		};
/* End PBXResourcesBuildPhase section */

/* Begin PBXSourcesBuildPhase section */
		D2AD27C22B053969004963B9 /* Sources */ = {
			isa = PBXSourcesBuildPhase;
			buildActionMask = 2147483647;
			files = (
				D2B2441B2B1881AD00D649A5 /* MyReviewCode.swift in Sources */,
				D2E0B23E2B0CA30900F8E784 /* ScanView.swift in Sources */,
				D29CCABD2B144B8E006674D4 /* WriteHelper.swift in Sources */,
				D2E0B23A2B0CA23900F8E784 /* MyCodesView.swift in Sources */,
				D2AD28592B16E0A4003080DA /* GenerateView.swift in Sources */,
				D20908452B1D9E7200DA5E61 /* DateExtension.swift in Sources */,
				D2F2A91A2B1078B400FDDB44 /* BarcodeData.swift in Sources */,
				D2B221F82B12E63600E2EDE8 /* Constant.swift in Sources */,
				D2F2A91E2B1078B400FDDB44 /* CBScanner.swift in Sources */,
				D2E0B23C2B0CA2A000F8E784 /* HistoryView.swift in Sources */,
				D2B221FB2B12E6DF00E2EDE8 /* ColorExtension.swift in Sources */,
				D24D43C82B1C5C4D00CF7F67 /* GenerateModel.swift in Sources */,
				D2F2A91D2B1078B400FDDB44 /* BarcodeFrame.swift in Sources */,
				D20908472B1DB03D00DA5E61 /* EnumBarcodeFormat.swift in Sources */,
				D2E0B2302B0C7DCA00F8E784 /* QRWriter.swift in Sources */,
				D26E53A72B0E372C005DE71A /* HistoryModel.swift in Sources */,
				D2B244192B18804900D649A5 /* ApplicationExtension.swift in Sources */,
				D2F2A91B2B1078B400FDDB44 /* CameraPreview.swift in Sources */,
				D20908432B1D9DFA00DA5E61 /* TimeHelper.swift in Sources */,
				D29CCABF2B147FDF006674D4 /* GenerateCategoryView.swift in Sources */,
				D2E0B2382B0CA15900F8E784 /* SettingsView.swift in Sources */,
				D2B244172B18757800D649A5 /* MyTextField.swift in Sources */,
				D2AD27CC2B053969004963B9 /* ContentView.swift in Sources */,
				D2AD28572B16D2B3003080DA /* QRCodeCategoryModel.swift in Sources */,
				D20796212B1180B000BBEE6E /* DetailsView.swift in Sources */,
				D2AD27CA2B053969004963B9 /* qrscannerApp.swift in Sources */,
				D2F2A91C2B1078B400FDDB44 /* CBBarcodeView.swift in Sources */,
			);
			runOnlyForDeploymentPostprocessing = 0;
		};
/* End PBXSourcesBuildPhase section */

/* Begin XCBuildConfiguration section */
		D2AD27D22B05396A004963B9 /* Debug */ = {
			isa = XCBuildConfiguration;
			buildSettings = {
				ALWAYS_SEARCH_USER_PATHS = NO;
				ASSETCATALOG_COMPILER_GENERATE_SWIFT_ASSET_SYMBOL_EXTENSIONS = YES;
				CLANG_ANALYZER_NONNULL = YES;
				CLANG_ANALYZER_NUMBER_OBJECT_CONVERSION = YES_AGGRESSIVE;
				CLANG_CXX_LANGUAGE_STANDARD = "gnu++20";
				CLANG_ENABLE_MODULES = YES;
				CLANG_ENABLE_OBJC_ARC = YES;
				CLANG_ENABLE_OBJC_WEAK = YES;
				CLANG_WARN_BLOCK_CAPTURE_AUTORELEASING = YES;
				CLANG_WARN_BOOL_CONVERSION = YES;
				CLANG_WARN_COMMA = YES;
				CLANG_WARN_CONSTANT_CONVERSION = YES;
				CLANG_WARN_DEPRECATED_OBJC_IMPLEMENTATIONS = YES;
				CLANG_WARN_DIRECT_OBJC_ISA_USAGE = YES_ERROR;
				CLANG_WARN_DOCUMENTATION_COMMENTS = YES;
				CLANG_WARN_EMPTY_BODY = YES;
				CLANG_WARN_ENUM_CONVERSION = YES;
				CLANG_WARN_INFINITE_RECURSION = YES;
				CLANG_WARN_INT_CONVERSION = YES;
				CLANG_WARN_NON_LITERAL_NULL_CONVERSION = YES;
				CLANG_WARN_OBJC_IMPLICIT_RETAIN_SELF = YES;
				CLANG_WARN_OBJC_LITERAL_CONVERSION = YES;
				CLANG_WARN_OBJC_ROOT_CLASS = YES_ERROR;
				CLANG_WARN_QUOTED_INCLUDE_IN_FRAMEWORK_HEADER = YES;
				CLANG_WARN_RANGE_LOOP_ANALYSIS = YES;
				CLANG_WARN_STRICT_PROTOTYPES = YES;
				CLANG_WARN_SUSPICIOUS_MOVE = YES;
				CLANG_WARN_UNGUARDED_AVAILABILITY = YES_AGGRESSIVE;
				CLANG_WARN_UNREACHABLE_CODE = YES;
				CLANG_WARN__DUPLICATE_METHOD_MATCH = YES;
				COPY_PHASE_STRIP = NO;
				DEBUG_INFORMATION_FORMAT = dwarf;
				ENABLE_STRICT_OBJC_MSGSEND = YES;
				ENABLE_TESTABILITY = YES;
				ENABLE_USER_SCRIPT_SANDBOXING = YES;
				GCC_C_LANGUAGE_STANDARD = gnu17;
				GCC_DYNAMIC_NO_PIC = NO;
				GCC_NO_COMMON_BLOCKS = YES;
				GCC_OPTIMIZATION_LEVEL = 0;
				GCC_PREPROCESSOR_DEFINITIONS = (
					"DEBUG=1",
					"$(inherited)",
				);
				GCC_WARN_64_TO_32_BIT_CONVERSION = YES;
				GCC_WARN_ABOUT_RETURN_TYPE = YES_ERROR;
				GCC_WARN_UNDECLARED_SELECTOR = YES;
				GCC_WARN_UNINITIALIZED_AUTOS = YES_AGGRESSIVE;
				GCC_WARN_UNUSED_FUNCTION = YES;
				GCC_WARN_UNUSED_VARIABLE = YES;
				IPHONEOS_DEPLOYMENT_TARGET = 17.0;
				LOCALIZATION_PREFERS_STRING_CATALOGS = YES;
				MTL_ENABLE_DEBUG_INFO = INCLUDE_SOURCE;
				MTL_FAST_MATH = YES;
				ONLY_ACTIVE_ARCH = YES;
				SDKROOT = iphoneos;
				SWIFT_ACTIVE_COMPILATION_CONDITIONS = "DEBUG $(inherited)";
				SWIFT_OPTIMIZATION_LEVEL = "-Onone";
			};
			name = Debug;
		};
		D2AD27D32B05396A004963B9 /* Release */ = {
			isa = XCBuildConfiguration;
			buildSettings = {
				ALWAYS_SEARCH_USER_PATHS = NO;
				ASSETCATALOG_COMPILER_GENERATE_SWIFT_ASSET_SYMBOL_EXTENSIONS = YES;
				CLANG_ANALYZER_NONNULL = YES;
				CLANG_ANALYZER_NUMBER_OBJECT_CONVERSION = YES_AGGRESSIVE;
				CLANG_CXX_LANGUAGE_STANDARD = "gnu++20";
				CLANG_ENABLE_MODULES = YES;
				CLANG_ENABLE_OBJC_ARC = YES;
				CLANG_ENABLE_OBJC_WEAK = YES;
				CLANG_WARN_BLOCK_CAPTURE_AUTORELEASING = YES;
				CLANG_WARN_BOOL_CONVERSION = YES;
				CLANG_WARN_COMMA = YES;
				CLANG_WARN_CONSTANT_CONVERSION = YES;
				CLANG_WARN_DEPRECATED_OBJC_IMPLEMENTATIONS = YES;
				CLANG_WARN_DIRECT_OBJC_ISA_USAGE = YES_ERROR;
				CLANG_WARN_DOCUMENTATION_COMMENTS = YES;
				CLANG_WARN_EMPTY_BODY = YES;
				CLANG_WARN_ENUM_CONVERSION = YES;
				CLANG_WARN_INFINITE_RECURSION = YES;
				CLANG_WARN_INT_CONVERSION = YES;
				CLANG_WARN_NON_LITERAL_NULL_CONVERSION = YES;
				CLANG_WARN_OBJC_IMPLICIT_RETAIN_SELF = YES;
				CLANG_WARN_OBJC_LITERAL_CONVERSION = YES;
				CLANG_WARN_OBJC_ROOT_CLASS = YES_ERROR;
				CLANG_WARN_QUOTED_INCLUDE_IN_FRAMEWORK_HEADER = YES;
				CLANG_WARN_RANGE_LOOP_ANALYSIS = YES;
				CLANG_WARN_STRICT_PROTOTYPES = YES;
				CLANG_WARN_SUSPICIOUS_MOVE = YES;
				CLANG_WARN_UNGUARDED_AVAILABILITY = YES_AGGRESSIVE;
				CLANG_WARN_UNREACHABLE_CODE = YES;
				CLANG_WARN__DUPLICATE_METHOD_MATCH = YES;
				COPY_PHASE_STRIP = NO;
				DEBUG_INFORMATION_FORMAT = "dwarf-with-dsym";
				ENABLE_NS_ASSERTIONS = NO;
				ENABLE_STRICT_OBJC_MSGSEND = YES;
				ENABLE_USER_SCRIPT_SANDBOXING = YES;
				GCC_C_LANGUAGE_STANDARD = gnu17;
				GCC_NO_COMMON_BLOCKS = YES;
				GCC_WARN_64_TO_32_BIT_CONVERSION = YES;
				GCC_WARN_ABOUT_RETURN_TYPE = YES_ERROR;
				GCC_WARN_UNDECLARED_SELECTOR = YES;
				GCC_WARN_UNINITIALIZED_AUTOS = YES_AGGRESSIVE;
				GCC_WARN_UNUSED_FUNCTION = YES;
				GCC_WARN_UNUSED_VARIABLE = YES;
				IPHONEOS_DEPLOYMENT_TARGET = 17.0;
				LOCALIZATION_PREFERS_STRING_CATALOGS = YES;
				MTL_ENABLE_DEBUG_INFO = NO;
				MTL_FAST_MATH = YES;
				SDKROOT = iphoneos;
				SWIFT_COMPILATION_MODE = wholemodule;
				VALIDATE_PRODUCT = YES;
			};
			name = Release;
		};
		D2AD27D52B05396A004963B9 /* Debug */ = {
			isa = XCBuildConfiguration;
			buildSettings = {
				ASSETCATALOG_COMPILER_APPICON_NAME = AppIcon;
				ASSETCATALOG_COMPILER_GLOBAL_ACCENT_COLOR_NAME = AccentColor;
				CLANG_ENABLE_MODULES = YES;
				CODE_SIGN_IDENTITY = "Apple Development";
				CODE_SIGN_STYLE = Automatic;
				CURRENT_PROJECT_VERSION = 1;
				DEVELOPMENT_ASSET_PATHS = "\"qrscanner/Preview Content\"";
				DEVELOPMENT_TEAM = 3T3R37278D;
				ENABLE_PREVIEWS = YES;
				ENABLE_USER_SCRIPT_SANDBOXING = NO;
				GENERATE_INFOPLIST_FILE = YES;
				INFOPLIST_KEY_NSCameraUsageDescription = "would like to access camera!.";
				INFOPLIST_KEY_NSMicrophoneUsageDescription = "Would like to access microphone";
				INFOPLIST_KEY_NSPhotoLibraryUsageDescription = "would like to access photos.";
				INFOPLIST_KEY_UIApplicationSceneManifest_Generation = YES;
				INFOPLIST_KEY_UIApplicationSupportsIndirectInputEvents = YES;
				INFOPLIST_KEY_UILaunchScreen_Generation = YES;
				INFOPLIST_KEY_UISupportedInterfaceOrientations_iPad = "UIInterfaceOrientationPortrait UIInterfaceOrientationPortraitUpsideDown UIInterfaceOrientationLandscapeLeft UIInterfaceOrientationLandscapeRight";
				INFOPLIST_KEY_UISupportedInterfaceOrientations_iPhone = "UIInterfaceOrientationPortrait UIInterfaceOrientationLandscapeLeft UIInterfaceOrientationLandscapeRight";
				IPHONEOS_DEPLOYMENT_TARGET = 15.4;
				LD_RUNPATH_SEARCH_PATHS = (
					"$(inherited)",
					"@executable_path/Frameworks",
				);
				MARKETING_VERSION = 1.0;
				PRODUCT_BUNDLE_IDENTIFIER = me.tpcreative.qrscanners;
				PRODUCT_NAME = "$(TARGET_NAME)";
				PROVISIONING_PROFILE_SPECIFIER = "";
				SWIFT_EMIT_LOC_STRINGS = YES;
				SWIFT_OBJC_BRIDGING_HEADER = "";
				SWIFT_OPTIMIZATION_LEVEL = "-Onone";
				SWIFT_VERSION = 5.0;
				TARGETED_DEVICE_FAMILY = "1,2";
			};
			name = Debug;
		};
		D2AD27D62B05396A004963B9 /* Release */ = {
			isa = XCBuildConfiguration;
			buildSettings = {
				ASSETCATALOG_COMPILER_APPICON_NAME = AppIcon;
				ASSETCATALOG_COMPILER_GLOBAL_ACCENT_COLOR_NAME = AccentColor;
				CLANG_ENABLE_MODULES = YES;
				CODE_SIGN_STYLE = Automatic;
				CURRENT_PROJECT_VERSION = 1;
				DEVELOPMENT_ASSET_PATHS = "\"qrscanner/Preview Content\"";
				DEVELOPMENT_TEAM = AQHNXZHZ8T;
				ENABLE_PREVIEWS = YES;
				ENABLE_USER_SCRIPT_SANDBOXING = NO;
				GENERATE_INFOPLIST_FILE = YES;
				INFOPLIST_KEY_NSCameraUsageDescription = "would like to access camera!.";
				INFOPLIST_KEY_NSMicrophoneUsageDescription = "Would like to access microphone";
				INFOPLIST_KEY_NSPhotoLibraryUsageDescription = "would like to access photos.";
				INFOPLIST_KEY_UIApplicationSceneManifest_Generation = YES;
				INFOPLIST_KEY_UIApplicationSupportsIndirectInputEvents = YES;
				INFOPLIST_KEY_UILaunchScreen_Generation = YES;
				INFOPLIST_KEY_UISupportedInterfaceOrientations_iPad = "UIInterfaceOrientationPortrait UIInterfaceOrientationPortraitUpsideDown UIInterfaceOrientationLandscapeLeft UIInterfaceOrientationLandscapeRight";
				INFOPLIST_KEY_UISupportedInterfaceOrientations_iPhone = "UIInterfaceOrientationPortrait UIInterfaceOrientationLandscapeLeft UIInterfaceOrientationLandscapeRight";
				IPHONEOS_DEPLOYMENT_TARGET = 15.4;
				LD_RUNPATH_SEARCH_PATHS = (
					"$(inherited)",
					"@executable_path/Frameworks",
				);
				MARKETING_VERSION = 1.0;
				PRODUCT_BUNDLE_IDENTIFIER = me.tpcreative.qrscanner;
				PRODUCT_NAME = "$(TARGET_NAME)";
				SWIFT_EMIT_LOC_STRINGS = YES;
				SWIFT_OBJC_BRIDGING_HEADER = "";
				SWIFT_VERSION = 5.0;
				TARGETED_DEVICE_FAMILY = "1,2";
			};
			name = Release;
		};
/* End XCBuildConfiguration section */

/* Begin XCConfigurationList section */
		D2AD27C12B053969004963B9 /* Build configuration list for PBXProject "qrscanner" */ = {
			isa = XCConfigurationList;
			buildConfigurations = (
				D2AD27D22B05396A004963B9 /* Debug */,
				D2AD27D32B05396A004963B9 /* Release */,
			);
			defaultConfigurationIsVisible = 0;
			defaultConfigurationName = Release;
		};
		D2AD27D42B05396A004963B9 /* Build configuration list for PBXNativeTarget "qrscanner" */ = {
			isa = XCConfigurationList;
			buildConfigurations = (
				D2AD27D52B05396A004963B9 /* Debug */,
				D2AD27D62B05396A004963B9 /* Release */,
			);
			defaultConfigurationIsVisible = 0;
			defaultConfigurationName = Release;
		};
/* End XCConfigurationList section */

/* Begin XCRemoteSwiftPackageReference section */
		D20C97692B0F297100EA3677 /* XCRemoteSwiftPackageReference "realm-swift" */ = {
			isa = XCRemoteSwiftPackageReference;
			repositoryURL = "https://github.com/realm/realm-swift.git";
			requirement = {
				branch = master;
				kind = branch;
			};
		};
		D20C976E2B0F29B400EA3677 /* XCRemoteSwiftPackageReference "zxing-cpp" */ = {
			isa = XCRemoteSwiftPackageReference;
			repositoryURL = "https://github.com/zxing-cpp/zxing-cpp.git";
			requirement = {
				branch = master;
				kind = branch;
			};
		};
		D2AD285A2B17263D003080DA /* XCRemoteSwiftPackageReference "Kingfisher" */ = {
			isa = XCRemoteSwiftPackageReference;
			repositoryURL = "https://github.com/onevcat/Kingfisher.git";
			requirement = {
				kind = upToNextMajorVersion;
				minimumVersion = 7.10.0;
			};
		};
/* End XCRemoteSwiftPackageReference section */

/* Begin XCSwiftPackageProductDependency section */
		D20C976A2B0F297100EA3677 /* Realm */ = {
			isa = XCSwiftPackageProductDependency;
			package = D20C97692B0F297100EA3677 /* XCRemoteSwiftPackageReference "realm-swift" */;
			productName = Realm;
		};
		D20C976C2B0F297100EA3677 /* RealmSwift */ = {
			isa = XCSwiftPackageProductDependency;
			package = D20C97692B0F297100EA3677 /* XCRemoteSwiftPackageReference "realm-swift" */;
			productName = RealmSwift;
		};
		D20C976F2B0F29B400EA3677 /* ZXingCpp */ = {
			isa = XCSwiftPackageProductDependency;
			package = D20C976E2B0F29B400EA3677 /* XCRemoteSwiftPackageReference "zxing-cpp" */;
			productName = ZXingCpp;
		};
		D2AD285B2B17263D003080DA /* Kingfisher */ = {
			isa = XCSwiftPackageProductDependency;
			package = D2AD285A2B17263D003080DA /* XCRemoteSwiftPackageReference "Kingfisher" */;
			productName = Kingfisher;
		};
/* End XCSwiftPackageProductDependency section */
	};
	rootObject = D2AD27BE2B053969004963B9 /* Project object */;
}
